
Microsoft Visual Studio Solution File, Format Version 11.00
# Visual Studio 2010
Project("{FAE04EC0-301F-11D3-BF4B-00C04F79EFBC}") = "Assembly-CSharp", "Assembly-CSharp.csproj", "{2c97d3cc-f73c-c4e0-03fe-eb4c0288dee0}"
EndProject
Project("{FAE04EC0-301F-11D3-BF4B-00C04F79EFBC}") = "Assembly-CSharp-Editor", "Assembly-CSharp-Editor.csproj", "{5884b19f-1013-0ee6-86b7-fd4d020e30d6}"
EndProject
Global
	GlobalSection(SolutionConfigurationPlatforms) = preSolution
		Debug|Any CPU = Debug|Any CPU
	EndGlobalSection
	GlobalSection(ProjectConfigurationPlatforms) = postSolution
		{2c97d3cc-f73c-c4e0-03fe-eb4c0288dee0}.Debug|Any CPU.ActiveCfg = Debug|Any CPU
		{2c97d3cc-f73c-c4e0-03fe-eb4c0288dee0}.Debug|Any CPU.Build.0 = Debug|Any CPU
		{5884b19f-1013-0ee6-86b7-fd4d020e30d6}.Debug|Any CPU.ActiveCfg = Debug|Any CPU
		{5884b19f-1013-0ee6-86b7-fd4d020e30d6}.Debug|Any CPU.Build.0 = Debug|Any CPU
	EndGlobalSection
	GlobalSection(SolutionProperties) = preSolution
		HideSolutionNode = FALSE
	EndGlobalSection
EndGlobal
